Microsoft Visual Studio Solution File, Format Version 12.00
# Visual Studio Version 18
VisualStudioVersion = 18.0.0.0
MinimumVisualStudioVersion = 10.0.40219.1
Project("{FAE04EC0-301F-11D3-BF4B-00C04F79EFBC}") = "ExcalidrawDesktop.App", "ExcalidrawDesktop.App\ExcalidrawDesktop.App.csproj", "{B63BD1E8-2481-4546-AFEF-7E13A12FD64F}"
EndProject
Project("{FAE04EC0-301F-11D3-BF4B-00C04F79EFBC}") = "ExcalidrawDesktop.Core", "ExcalidrawDesktop.Core\ExcalidrawDesktop.Core.csproj", "{C947EE4B-05C8-4D34-BF6F-86E1722504D5}"
EndProject
Project("{FAE04EC0-301F-11D3-BF4B-00C04F79EFBC}") = "ExcalidrawDesktop.Core.Tests", "ExcalidrawDesktop.Core.Tests\ExcalidrawDesktop.Core.Tests.csproj", "{8FD07091-E025-4BE4-B874-CF36048F7CBF}"
EndProject
Global
	GlobalSection(SolutionConfigurationPlatforms) = preSolution
		Debug|x64 = Debug|x64
		Release|x64 = Release|x64
	EndGlobalSection
	GlobalSection(ProjectConfigurationPlatforms) = postSolution
		{B63BD1E8-2481-4546-AFEF-7E13A12FD64F}.Debug|x64.ActiveCfg = Debug|x64
		{B63BD1E8-2481-4546-AFEF-7E13A12FD64F}.Debug|x64.Build.0 = Debug|x64
		{B63BD1E8-2481-4546-AFEF-7E13A12FD64F}.Debug|x64.Deploy.0 = Debug|x64
		{B63BD1E8-2481-4546-AFEF-7E13A12FD64F}.Release|x64.ActiveCfg = Release|x64
		{B63BD1E8-2481-4546-AFEF-7E13A12FD64F}.Release|x64.Build.0 = Release|x64
		{B63BD1E8-2481-4546-AFEF-7E13A12FD64F}.Release|x64.Deploy.0 = Release|x64
		{C947EE4B-05C8-4D34-BF6F-86E1722504D5}.Debug|x64.ActiveCfg = Debug|Any CPU
		{C947EE4B-05C8-4D34-BF6F-86E1722504D5}.Debug|x64.Build.0 = Debug|Any CPU
		{C947EE4B-05C8-4D34-BF6F-86E1722504D5}.Release|x64.ActiveCfg = Release|Any CPU
		{C947EE4B-05C8-4D34-BF6F-86E1722504D5}.Release|x64.Build.0 = Release|Any CPU
		{8FD07091-E025-4BE4-B874-CF36048F7CBF}.Debug|x64.ActiveCfg = Debug|Any CPU
		{8FD07091-E025-4BE4-B874-CF36048F7CBF}.Debug|x64.Build.0 = Debug|Any CPU
		{8FD07091-E025-4BE4-B874-CF36048F7CBF}.Release|x64.ActiveCfg = Release|Any CPU
		{8FD07091-E025-4BE4-B874-CF36048F7CBF}.Release|x64.Build.0 = Release|Any CPU
	EndGlobalSection
	GlobalSection(SolutionProperties) = preSolution
		HideSolutionNode = FALSE
	EndGlobalSection
EndGlobal
